
Microsoft Visual Studio Solution File, Format Version 12.00
# Visual Studio Version 16
VisualStudioVersion = 16.0.31205.134
MinimumVisualStudioVersion = 10.0.40219.1
Project("{FAE04EC0-301F-11D3-BF4B-00C04F79EFBC}") = "ListaDeNotas", "ListaDeNotas\ListaDeNotas.csproj", "{FD39C960-0B2B-461E-9B08-4E7115F8FD08}"
EndProject
Global
	GlobalSection(SolutionConfigurationPlatforms) = preSolution
		Debug|Any CPU = Debug|Any CPU
		Release|Any CPU = Release|Any CPU
	EndGlobalSection
	GlobalSection(ProjectConfigurationPlatforms) = postSolution
		{FD39C960-0B2B-461E-9B08-4E7115F8FD08}.Debug|Any CPU.ActiveCfg = Debug|Any CPU
		{FD39C960-0B2B-461E-9B08-4E7115F8FD08}.Debug|Any CPU.Build.0 = Debug|Any CPU
		{FD39C960-0B2B-461E-9B08-4E7115F8FD08}.Release|Any CPU.ActiveCfg = Release|Any CPU
		{FD39C960-0B2B-461E-9B08-4E7115F8FD08}.Release|Any CPU.Build.0 = Release|Any CPU
	EndGlobalSection
	GlobalSection(SolutionProperties) = preSolution
		HideSolutionNode = FALSE
	EndGlobalSection
	GlobalSection(ExtensibilityGlobals) = postSolution
		SolutionGuid = {CBDF243B-64AE-4AE2-973E-7EE9A999FFA0}
	EndGlobalSection
EndGlobal
